
Microsoft Visual Studio Solution File, Format Version 12.00
# Visual Studio Version 17
VisualStudioVersion = 17.1.32414.318
MinimumVisualStudioVersion = 10.0.40219.1
Project("{FAE04EC0-301F-11D3-BF4B-00C04F79EFBC}") = "OmRhino", "OpenMaterials\OmRhino.csproj", "{991557A2-B22F-401F-94AC-3245B913E9BE}"
EndProject
Project("{FAE04EC0-301F-11D3-BF4B-00C04F79EFBC}") = "OmTypes", "OmTypes\OmTypes.csproj", "{12CFAE1E-C0F0-408E-BA34-2BA93A338C48}"
EndProject
Project("{FAE04EC0-301F-11D3-BF4B-00C04F79EFBC}") = "OmTest", "OmTest\OmTest.csproj", "{11D1AB35-2FDA-4F68-B590-E517D72B70F2}"
EndProject
Global
	GlobalSection(SolutionConfigurationPlatforms) = preSolution
		Debug|Any CPU = Debug|Any CPU
		Debug|x64 = Debug|x64
		Release|Any CPU = Release|Any CPU
		Release|x64 = Release|x64
	EndGlobalSection
	GlobalSection(ProjectConfigurationPlatforms) = postSolution
		{991557A2-B22F-401F-94AC-3245B913E9BE}.Debug|Any CPU.ActiveCfg = Debug|x64
		{991557A2-B22F-401F-94AC-3245B913E9BE}.Debug|Any CPU.Build.0 = Debug|x64
		{991557A2-B22F-401F-94AC-3245B913E9BE}.Debug|x64.ActiveCfg = Debug|x64
		{991557A2-B22F-401F-94AC-3245B913E9BE}.Debug|x64.Build.0 = Debug|x64
		{991557A2-B22F-401F-94AC-3245B913E9BE}.Release|Any CPU.ActiveCfg = Release|x64
		{991557A2-B22F-401F-94AC-3245B913E9BE}.Release|Any CPU.Build.0 = Release|x64
		{991557A2-B22F-401F-94AC-3245B913E9BE}.Release|x64.ActiveCfg = Release|x64
		{991557A2-B22F-401F-94AC-3245B913E9BE}.Release|x64.Build.0 = Release|x64
		{12CFAE1E-C0F0-408E-BA34-2BA93A338C48}.Debug|Any CPU.ActiveCfg = Debug|x64
		{12CFAE1E-C0F0-408E-BA34-2BA93A338C48}.Debug|Any CPU.Build.0 = Debug|x64
		{12CFAE1E-C0F0-408E-BA34-2BA93A338C48}.Debug|x64.ActiveCfg = Debug|x64
		{12CFAE1E-C0F0-408E-BA34-2BA93A338C48}.Debug|x64.Build.0 = Debug|x64
		{12CFAE1E-C0F0-408E-BA34-2BA93A338C48}.Release|Any CPU.ActiveCfg = Release|x64
		{12CFAE1E-C0F0-408E-BA34-2BA93A338C48}.Release|Any CPU.Build.0 = Release|x64
		{12CFAE1E-C0F0-408E-BA34-2BA93A338C48}.Release|x64.ActiveCfg = Release|x64
		{12CFAE1E-C0F0-408E-BA34-2BA93A338C48}.Release|x64.Build.0 = Release|x64
		{11D1AB35-2FDA-4F68-B590-E517D72B70F2}.Debug|Any CPU.ActiveCfg = Debug|Any CPU
		{11D1AB35-2FDA-4F68-B590-E517D72B70F2}.Debug|Any CPU.Build.0 = Debug|Any CPU
		{11D1AB35-2FDA-4F68-B590-E517D72B70F2}.Debug|x64.ActiveCfg = Debug|Any CPU
		{11D1AB35-2FDA-4F68-B590-E517D72B70F2}.Debug|x64.Build.0 = Debug|Any CPU
		{11D1AB35-2FDA-4F68-B590-E517D72B70F2}.Release|Any CPU.ActiveCfg = Release|Any CPU
		{11D1AB35-2FDA-4F68-B590-E517D72B70F2}.Release|Any CPU.Build.0 = Release|Any CPU
		{11D1AB35-2FDA-4F68-B590-E517D72B70F2}.Release|x64.ActiveCfg = Release|Any CPU
		{11D1AB35-2FDA-4F68-B590-E517D72B70F2}.Release|x64.Build.0 = Release|Any CPU
	EndGlobalSection
	GlobalSection(SolutionProperties) = preSolution
		HideSolutionNode = FALSE
	EndGlobalSection
	GlobalSection(ExtensibilityGlobals) = postSolution
		SolutionGuid = {5EC6DC36-D931-4493-92A9-C2EFE1D7A748}
	EndGlobalSection
EndGlobal
